<?xml version="1.0" encoding="utf-8"?>
<Project ToolsVersion="4.0" xmlns="http://schemas.microsoft.com/developer/msbuild/2003">
  <ItemGroup>
    <Filter Include="소스 파일">
      <UniqueIdentifier>{4FC737F1-C7A5-4376-A066-2A32D752A2FF}</UniqueIdentifier>
      <Extensions>cpp;c;cc;cxx;c++;cppm;ixx;def;odl;idl;hpj;bat;asm;asmx</Extensions>
    </Filter>
    <Filter Include="헤더 파일">
      <UniqueIdentifier>{93995380-89BD-4b04-88EB-625FBE52EBFB}</UniqueIdentifier>
      <Extensions>h;hh;hpp;hxx;h++;hm;inl;inc;ipp;xsd</Extensions>
    </Filter>
    <Filter Include="리소스 파일">
      <UniqueIdentifier>{67DA6AB6-F800-4c08-8B7A-83BB121AAD01}</UniqueIdentifier>
      <Extensions>rc;ico;cur;bmp;dlg;rc2;rct;bin;rgs;gif;jpg;jpeg;jpe;resx;tiff;tif;png;wav;mfcribbon-ms</Extensions>
    </Filter>
  </ItemGroup>
  <ItemGroup>
    <ClCompile Include="HTS_Security_Pipeline.cpp">
      <Filter>소스 파일</Filter>
    </ClCompile>
    <ClCompile Include="AnchorManager.cpp">
      <Filter>소스 파일</Filter>
    </ClCompile>
    <ClCompile Include="AnchorEncoder.cpp">
      <Filter>소스 파일</Filter>
    </ClCompile>
    <ClCompile Include="AnchorDecoder.cpp">
      <Filter>소스 파일</Filter>
    </ClCompile>
    <ClCompile Include="HTS_Crc32Util.cpp">
      <Filter>소스 파일</Filter>
    </ClCompile>
    <ClCompile Include="HTS_Hardware_Auto_Scaler.cpp">
      <Filter>소스 파일</Filter>
    </ClCompile>
    <ClCompile Include="HTS_Unified_Scheduler.cpp">
      <Filter>소스 파일</Filter>
    </ClCompile>
    <ClCompile Include="HTS_Dual_Tensor_16bit.cpp">
      <Filter>소스 파일</Filter>
    </ClCompile>
    <ClCompile Include="BB1_Core_Engine.cpp">
      <Filter>소스 파일</Filter>
    </ClCompile>
    <ClCompile Include="HTS_Universal_API.cpp">
      <Filter>소스 파일</Filter>
    </ClCompile>
    <ClCompile Include="HTS_Anchor_Vault.cpp">
      <Filter>소스 파일</Filter>
    </ClCompile>
    <ClCompile Include="HTS_AntiAnalysis_Shield.cpp">
      <Filter>소스 파일</Filter>
    </ClCompile>
    <ClCompile Include="HTS_Auto_Rollback_Manager.cpp">
      <Filter>소스 파일</Filter>
    </ClCompile>
    <ClCompile Include="HTS_Dynamic_Config.cpp">
      <Filter>소스 파일</Filter>
    </ClCompile>
    <ClCompile Include="HTS_Dynamic_Key_Rotator.cpp">
      <Filter>소스 파일</Filter>
    </ClCompile>
    <ClCompile Include="HTS_Entropy_Arrow.cpp">
      <Filter>소스 파일</Filter>
    </ClCompile>
    <ClCompile Include="HTS_Gyro_Engine.cpp">
      <Filter>소스 파일</Filter>
    </ClCompile>
    <ClCompile Include="HTS_Hardware_Shield.cpp">
      <Filter>소스 파일</Filter>
    </ClCompile>
    <ClCompile Include="HTS_Hardware_Bridge.cpp">
      <Filter>소스 파일</Filter>
    </ClCompile>
    <ClCompile Include="HTS_Orbital_Mapper.cpp">
      <Filter>소스 파일</Filter>
    </ClCompile>
    <ClCompile Include="HTS_Physical_Entropy_Engine.cpp">
      <Filter>소스 파일</Filter>
    </ClCompile>
    <ClCompile Include="HTS_Pointer_Auth.cpp">
      <Filter>소스 파일</Filter>
    </ClCompile>
    <ClCompile Include="HTS_Polymorphic_Shield.cpp">
      <Filter>소스 파일</Filter>
    </ClCompile>
    <ClCompile Include="HTS_Remote_Attestation.cpp">
      <Filter>소스 파일</Filter>
    </ClCompile>
    <ClCompile Include="HTS_Sparse_Recovery.cpp">
      <Filter>소스 파일</Filter>
    </ClCompile>
    <ClCompile Include="HTS_Storage_Interface.cpp">
      <Filter>소스 파일</Filter>
    </ClCompile>
    <ClCompile Include="HTS_Anti_Debug.cpp">
      <Filter>소스 파일</Filter>
    </ClCompile>
    <ClCompile Include="HTS_Anti_Glitch.cpp">
      <Filter>소스 파일</Filter>
    </ClCompile>
    <ClCompile Include="HTS_ConstantTimeUtil.cpp">
      <Filter>소스 파일</Filter>
    </ClCompile>
    <ClCompile Include="HTS_Creator_Telemetry.cpp">
      <Filter>소스 파일</Filter>
    </ClCompile>
    <ClCompile Include="HTS_Gaussian_Pulse.cpp">
      <Filter>소스 파일</Filter>
    </ClCompile>
    <ClCompile Include="HTS_Hardware_Init.cpp">
      <Filter>소스 파일</Filter>
    </ClCompile>
    <ClCompile Include="HTS_Key_Rotator.cpp">
      <Filter>소스 파일</Filter>
    </ClCompile>
    <ClCompile Include="HTS_POST_Manager.cpp">
      <Filter>소스 파일</Filter>
    </ClCompile>
    <ClCompile Include="HTS_PUF_Adapter.cpp">
      <Filter>소스 파일</Filter>
    </ClCompile>
    <ClCompile Include="HTS_Secure_Logger.cpp">
      <Filter>소스 파일</Filter>
    </ClCompile>
    <ClCompile Include="HTS_Secure_Memory.cpp">
      <Filter>소스 파일</Filter>
    </ClCompile>
    <ClCompile Include="HTS_Universal_Adapter.cpp">
      <Filter>소스 파일</Filter>
    </ClCompile>
    <ClCompile Include="HTS_API.cpp">
      <Filter>소스 파일</Filter>
    </ClCompile>
    <ClCompile Include="TensorCodec.cpp">
      <Filter>소스 파일</Filter>
    </ClCompile>
    <ClCompile Include="HTS_Session_Gateway.cpp">
      <Filter>소스 파일</Filter>
    </ClCompile>
    <ClCompile Include="HTS_Tx_Scheduler.cpp">
      <Filter>소스 파일</Filter>
    </ClCompile>
    <ClCompile Include="HTS_Rx_Matched_Filter.cpp">
      <Filter>소스 파일</Filter>
    </ClCompile>
    <ClCompile Include="HTS_Entropy_Monitor.cpp">
      <Filter>소스 파일</Filter>
    </ClCompile>
    <ClCompile Include="HTS_Antipodal_Core.cpp">
      <Filter>소스 파일</Filter>
    </ClCompile>
    <ClCompile Include="HTS_Rx_Sync_Detector.cpp">
      <Filter>소스 파일</Filter>
    </ClCompile>
    <ClCompile Include="HTS_LEA_Bridge.cpp">
      <Filter>소스 파일</Filter>
    </ClCompile>
    <ClCompile Include="lea_base.c">
      <Filter>소스 파일</Filter>
    </ClCompile>
    <ClCompile Include="lea_core.c">
      <Filter>소스 파일</Filter>
    </ClCompile>
    <ClCompile Include="lea_gcm_generic.c">
      <Filter>소스 파일</Filter>
    </ClCompile>
    <ClCompile Include="lea_online.c">
      <Filter>소스 파일</Filter>
    </ClCompile>
    <ClCompile Include="lea_t_fallback.c">
      <Filter>소스 파일</Filter>
    </ClCompile>
    <ClCompile Include="lea_t_generic.c">
      <Filter>소스 파일</Filter>
    </ClCompile>
    <ClCompile Include="HTS_LSH256_Bridge.cpp">
      <Filter>소스 파일</Filter>
    </ClCompile>
    <ClCompile Include="hmac.c">
      <Filter>소스 파일</Filter>
    </ClCompile>
    <ClCompile Include="lsh.c">
      <Filter>소스 파일</Filter>
    </ClCompile>
    <ClCompile Include="lsh256.c">
      <Filter>소스 파일</Filter>
    </ClCompile>
    <ClCompile Include="HTS_ARIA_Bridge.cpp">
      <Filter>소스 파일</Filter>
    </ClCompile>
    <ClCompile Include="aria050117.c">
      <Filter>소스 파일</Filter>
    </ClCompile>
    <ClCompile Include="KISA_HMAC.c">
      <Filter>소스 파일</Filter>
    </ClCompile>
    <ClCompile Include="KISA_SHA256.c">
      <Filter>소스 파일</Filter>
    </ClCompile>
    <ClCompile Include="util.c">
      <Filter>소스 파일</Filter>
    </ClCompile>
    <ClCompile Include="HTS_HMAC_Bridge.cpp">
      <Filter>소스 파일</Filter>
    </ClCompile>
    <ClCompile Include="HTS_Security_Session.cpp">
      <Filter>소스 파일</Filter>
    </ClCompile>
    <ClCompile Include="HTS_3D_Tensor_FEC.cpp">
      <Filter>소스 파일</Filter>
    </ClCompile>
    <ClCompile Include="HTS_Config.cpp">
      <Filter>소스 파일</Filter>
    </ClCompile>
    <ClCompile Include="HTS_FEC_HARQ.cpp">
      <Filter>소스 파일</Filter>
    </ClCompile>
    <ClCompile Include="HTS_V400_Dispatcher.cpp">
      <Filter>소스 파일</Filter>
    </ClCompile>
    <ClCompile Include="HTS_AntiJam_Engine.cpp">
      <Filter>소스 파일</Filter>
    </ClCompile>
    <ClCompile Include="HTS_Holo_Tensor_Engine.cpp">
      <Filter>소스 파일</Filter>
    </ClCompile>
    <ClCompile Include="HTS64_Native_ECCM_Core.cpp">
      <Filter>소스 파일</Filter>
    </ClCompile>
    <ClCompile Include="HTS_Adaptive_BPS_Controller.cpp">
      <Filter>소스 파일</Filter>
    </ClCompile>
    <ClCompile Include="lsh512.c">
      <Filter>소스 파일</Filter>
    </ClCompile>
    <ClCompile Include="HTS_IPC_Protocol_A55.cpp">
      <Filter>소스 파일</Filter>
    </ClCompile>
    <ClCompile Include="HTS_Console_Manager.cpp">
      <Filter>소스 파일</Filter>
    </ClCompile>
    <ClCompile Include="HTS_Device_Profile.cpp">
      <Filter>소스 파일</Filter>
    </ClCompile>
    <ClCompile Include="HTS_IoT_Codec.cpp">
      <Filter>소스 파일</Filter>
    </ClCompile>
    <ClCompile Include="HTS_Network_Bridge.cpp">
      <Filter>소스 파일</Filter>
    </ClCompile>
    <ClCompile Include="HTS_AMI_Protocol.cpp">
      <Filter>소스 파일</Filter>
    </ClCompile>
    <ClCompile Include="HTS_BLE_NFC_Gateway.cpp">
      <Filter>소스 파일</Filter>
    </ClCompile>
    <ClCompile Include="HTS_Voice_Codec_Bridge.cpp">
      <Filter>소스 파일</Filter>
    </ClCompile>
    <ClCompile Include="HTS_CCTV_Security.cpp">
      <Filter>소스 파일</Filter>
    </ClCompile>
    <ClCompile Include="HTS_Power_Manager.cpp">
      <Filter>소스 파일</Filter>
    </ClCompile>
    <ClCompile Include="HTS_Holo_Tensor_4D.cpp">
      <Filter>소스 파일</Filter>
    </ClCompile>
    <ClCompile Include="HTS_Holo_Dispatcher.cpp">
      <Filter>소스 파일</Filter>
    </ClCompile>
    <ClCompile Include="HTS_AES_Bridge.cpp">
      <Filter>소스 파일</Filter>
    </ClCompile>
    <ClCompile Include="HTS_Crypto_KAT.cpp">
      <Filter>소스 파일</Filter>
    </ClCompile>
    <ClCompile Include="HTS_CTR_DRBG.cpp">
      <Filter>소스 파일</Filter>
    </ClCompile>
    <ClCompile Include="HTS_Conditional_SelfTest.cpp">
      <Filter>소스 파일</Filter>
    </ClCompile>
    <ClCompile Include="HTS_SHA256_Bridge.cpp">
      <Filter>소스 파일</Filter>
    </ClCompile>
    <ClCompile Include="HTS_Role_Auth.cpp">
      <Filter>소스 파일</Filter>
    </ClCompile>
    <ClCompile Include="HTS_TRNG_Collector.cpp">
      <Filter>소스 파일</Filter>
    </ClCompile>
    <ClCompile Include="HTS_Tamper_HAL.cpp">
      <Filter>소스 파일</Filter>
    </ClCompile>
    <ClCompile Include="HTS_Secure_Boot_Verify.cpp">
      <Filter>소스 파일</Filter>
    </ClCompile>
    <ClCompile Include="HTS_Priority_Scheduler.cpp">
      <Filter>소스 파일</Filter>
    </ClCompile>
    <ClCompile Include="HTS_Emergency_Beacon.cpp">
      <Filter>소스 파일</Filter>
    </ClCompile>
    <ClCompile Include="HTS_Neighbor_Discovery.cpp">
      <Filter>소스 파일</Filter>
    </ClCompile>
    <ClCompile Include="HTS_Mesh_Sync.cpp">
      <Filter>소스 파일</Filter>
    </ClCompile>
    <ClCompile Include="HTS_Location_Engine.cpp">
      <Filter>소스 파일</Filter>
    </ClCompile>
    <ClCompile Include="HTS_Device_Status_Reporter.cpp">
      <Filter>소스 파일</Filter>
    </ClCompile>
    <ClCompile Include="HTS_Mesh_Router.cpp">
      <Filter>소스 파일</Filter>
    </ClCompile>
    <ClCompile Include="HTS_Sensor_Fusion.cpp">
      <Filter>소스 파일</Filter>
    </ClCompile>
    <ClCompile Include="HTS_Sensor_Aggregator.cpp">
      <Filter>소스 파일</Filter>
    </ClCompile>
    <ClCompile Include="HTS_CoAP_Engine.cpp">
      <Filter>소스 파일</Filter>
    </ClCompile>
    <ClCompile Include="HTS_Meter_Data_Manager.cpp">
      <Filter>소스 파일</Filter>
    </ClCompile>
    <ClCompile Include="HTS_OTA_AMI_Manager.cpp">
      <Filter>소스 파일</Filter>
    </ClCompile>
    <ClCompile Include="HTS_OTA_Manager.cpp">
      <Filter>소스 파일</Filter>
    </ClCompile>
    <ClCompile Include="HTS_Modbus_Gateway.cpp">
      <Filter>소스 파일</Filter>
    </ClCompile>
    <ClCompile Include="HTS_KT_DSN_Adapter.cpp">
      <Filter>소스 파일</Filter>
    </ClCompile>
    <ClCompile Include="HTS_Key_Provisioning.cpp">
      <Filter>소스 파일</Filter>
    </ClCompile>
    <ClCompile Include="HTS_IPC_Protocol.cpp">
      <Filter>소스 파일</Filter>
    </ClCompile>
  </ItemGroup>
  <ItemGroup>
    <ClInclude Include="..\..\CORE\HTS_Anchor_Vault.hpp">
      <Filter>헤더 파일</Filter>
    </ClInclude>
    <ClInclude Include="..\..\CORE\HTS_AntiAnalysis_Shield.h">
      <Filter>헤더 파일</Filter>
    </ClInclude>
    <ClInclude Include="..\..\CORE\HTS_Antipodal_Core.h">
      <Filter>헤더 파일</Filter>
    </ClInclude>
    <ClInclude Include="..\..\CORE\HTS_Dynamic_Config.h">
      <Filter>헤더 파일</Filter>
    </ClInclude>
    <ClInclude Include="..\..\CORE\HTS_Entropy_Arrow.hpp">
      <Filter>헤더 파일</Filter>
    </ClInclude>
    <ClInclude Include="..\..\CORE\HTS_Gyro_Engine.h">
      <Filter>헤더 파일</Filter>
    </ClInclude>
    <ClInclude Include="..\..\CORE\HTS_Hardware_Bridge.hpp">
      <Filter>헤더 파일</Filter>
    </ClInclude>
    <ClInclude Include="..\..\CORE\HTS_Hardware_Shield.h">
      <Filter>헤더 파일</Filter>
    </ClInclude>
    <ClInclude Include="..\..\CORE\HTS_Orbital_Mapper.hpp">
      <Filter>헤더 파일</Filter>
    </ClInclude>
    <ClInclude Include="..\..\CORE\HTS_Physical_Entropy_Engine.h">
      <Filter>헤더 파일</Filter>
    </ClInclude>
    <ClInclude Include="..\..\CORE\HTS_Polymorphic_Shield.h">
      <Filter>헤더 파일</Filter>
    </ClInclude>
    <ClInclude Include="..\..\CORE\HTS_Sparse_Recovery.h">
      <Filter>헤더 파일</Filter>
    </ClInclude>
    <ClInclude Include="..\..\CORE\HTS_Storage_Interface.h">
      <Filter>헤더 파일</Filter>
    </ClInclude>
    <ClInclude Include="..\..\CORE\HTS_Universal_API.h">
      <Filter>헤더 파일</Filter>
    </ClInclude>
    <ClInclude Include="..\..\CORE\HTS_Universal_API.hpp">
      <Filter>헤더 파일</Filter>
    </ClInclude>
    <ClInclude Include="..\..\CORE\BB1_Core_Engine.hpp">
      <Filter>헤더 파일</Filter>
    </ClInclude>
    <ClInclude Include="..\..\CORE\HTS_Creator_Telemetry.h">
      <Filter>헤더 파일</Filter>
    </ClInclude>
    <ClInclude Include="..\..\CORE\HTS_Security_Pipeline.h">
      <Filter>헤더 파일</Filter>
    </ClInclude>
    <ClInclude Include="..\..\CORE\HTS_Universal_Adapter.h">
      <Filter>헤더 파일</Filter>
    </ClInclude>
    <ClInclude Include="..\..\CORE\HTS_Universal_Adapter.hpp">
      <Filter>헤더 파일</Filter>
    </ClInclude>
    <ClInclude Include="HTS_Secure_Memory_Manager.hpp">
      <Filter>헤더 파일</Filter>
    </ClInclude>
    <ClInclude Include="HTS_AEAD_Integrity.hpp">
      <Filter>헤더 파일</Filter>
    </ClInclude>
    <ClInclude Include="HTS_Remote_Attestation.hpp">
      <Filter>헤더 파일</Filter>
    </ClInclude>
    <ClInclude Include="HTS_Pointer_Auth.hpp">
      <Filter>헤더 파일</Filter>
    </ClInclude>
    <ClInclude Include="HTS_Dynamic_Key_Rotator.hpp">
      <Filter>헤더 파일</Filter>
    </ClInclude>
    <ClInclude Include="HTS_Auto_Rollback_Manager.hpp">
      <Filter>헤더 파일</Filter>
    </ClInclude>
    <ClInclude Include="AnchorManager.h">
      <Filter>헤더 파일</Filter>
    </ClInclude>
    <ClInclude Include="AnchorEncoder.h">
      <Filter>헤더 파일</Filter>
    </ClInclude>
    <ClInclude Include="AnchorDecoder.h">
      <Filter>헤더 파일</Filter>
    </ClInclude>
    <ClInclude Include="HTS_Crc32Util.h">
      <Filter>헤더 파일</Filter>
    </ClInclude>
    <ClInclude Include="HTS_Entropy_Monitor.h">
      <Filter>헤더 파일</Filter>
    </ClInclude>
    <ClInclude Include="HTS_Anti_Glitch.h">
      <Filter>헤더 파일</Filter>
    </ClInclude>
    <ClInclude Include="HTS_PUF_Adapter.h">
      <Filter>헤더 파일</Filter>
    </ClInclude>
    <ClInclude Include="HTS_Key_Rotator.h">
      <Filter>헤더 파일</Filter>
    </ClInclude>
    <ClInclude Include="HTS_ConstantTimeUtil.h">
      <Filter>헤더 파일</Filter>
    </ClInclude>
    <ClInclude Include="HTS_Anti_Debug.h">
      <Filter>헤더 파일</Filter>
    </ClInclude>
    <ClInclude Include="HTS_Secure_Logger.h">
      <Filter>헤더 파일</Filter>
    </ClInclude>
    <ClInclude Include="HTS_POST_Manager.h">
      <Filter>헤더 파일</Filter>
    </ClInclude>
    <ClInclude Include="HTS_Gaussian_Pulse.h">
      <Filter>헤더 파일</Filter>
    </ClInclude>
    <ClInclude Include="HTS_Hardware_Auto_Scaler.h">
      <Filter>헤더 파일</Filter>
    </ClInclude>
    <ClInclude Include="HTS_Dual_Tensor_16bit.h">
      <Filter>헤더 파일</Filter>
    </ClInclude>
    <ClInclude Include="HTS_Unified_Scheduler.hpp">
      <Filter>헤더 파일</Filter>
    </ClInclude>
    <ClInclude Include="HTS_Hardware_Init.h">
      <Filter>헤더 파일</Filter>
    </ClInclude>
    <ClInclude Include="HTS_API.h">
      <Filter>헤더 파일</Filter>
    </ClInclude>
    <ClInclude Include="HTS_MAC_RateController.h">
      <Filter>헤더 파일</Filter>
    </ClInclude>
    <ClInclude Include="TensorCodec.hpp">
      <Filter>헤더 파일</Filter>
    </ClInclude>
    <ClInclude Include="HTS_Types.h">
      <Filter>헤더 파일</Filter>
    </ClInclude>
    <ClInclude Include="HTS_Session_Gateway.hpp">
      <Filter>헤더 파일</Filter>
    </ClInclude>
    <ClInclude Include="HTS_Tx_Scheduler.hpp">
      <Filter>헤더 파일</Filter>
    </ClInclude>
    <ClInclude Include="HTS_Rx_Matched_Filter.h">
      <Filter>헤더 파일</Filter>
    </ClInclude>
    <ClInclude Include="HTS_Rx_Sync_Detector.h">
      <Filter>헤더 파일</Filter>
    </ClInclude>
    <ClInclude Include="HTS_Config.h">
      <Filter>헤더 파일</Filter>
    </ClInclude>
    <ClInclude Include="HTS_BitOps.h">
      <Filter>헤더 파일</Filter>
    </ClInclude>
    <ClInclude Include="HTS_PHY_Config.h">
      <Filter>헤더 파일</Filter>
    </ClInclude>
    <ClInclude Include="HTS_LEA_Bridge.h">
      <Filter>헤더 파일</Filter>
    </ClInclude>
    <ClInclude Include="lea.h">
      <Filter>헤더 파일</Filter>
    </ClInclude>
    <ClInclude Include="lea_cbc.h">
      <Filter>헤더 파일</Filter>
    </ClInclude>
    <ClInclude Include="lea_ccm.h">
      <Filter>헤더 파일</Filter>
    </ClInclude>
    <ClInclude Include="lea_cfb.h">
      <Filter>헤더 파일</Filter>
    </ClInclude>
    <ClInclude Include="lea_cmac.h">
      <Filter>헤더 파일</Filter>
    </ClInclude>
    <ClInclude Include="lea_ctr.h">
      <Filter>헤더 파일</Filter>
    </ClInclude>
    <ClInclude Include="lea_ecb.h">
      <Filter>헤더 파일</Filter>
    </ClInclude>
    <ClInclude Include="lea_gcm.h">
      <Filter>헤더 파일</Filter>
    </ClInclude>
    <ClInclude Include="lea_key.h">
      <Filter>헤더 파일</Filter>
    </ClInclude>
    <ClInclude Include="lea_locl.h">
      <Filter>헤더 파일</Filter>
    </ClInclude>
    <ClInclude Include="lea_ofb.h">
      <Filter>헤더 파일</Filter>
    </ClInclude>
    <ClInclude Include="config.h">
      <Filter>헤더 파일</Filter>
    </ClInclude>
    <ClInclude Include="HTS_LSH256_Bridge.h">
      <Filter>헤더 파일</Filter>
    </ClInclude>
    <ClInclude Include="hmac.h">
      <Filter>헤더 파일</Filter>
    </ClInclude>
    <ClInclude Include="lsh.h">
      <Filter>헤더 파일</Filter>
    </ClInclude>
    <ClInclude Include="lsh_def.h">
      <Filter>헤더 파일</Filter>
    </ClInclude>
    <ClInclude Include="lsh_local.h">
      <Filter>헤더 파일</Filter>
    </ClInclude>
    <ClInclude Include="lsh256.h">
      <Filter>헤더 파일</Filter>
    </ClInclude>
    <ClInclude Include="HTS_ARIA_Bridge.hpp">
      <Filter>헤더 파일</Filter>
    </ClInclude>
    <ClInclude Include="common.h">
      <Filter>헤더 파일</Filter>
    </ClInclude>
    <ClInclude Include="KISA_HMAC.h">
      <Filter>헤더 파일</Filter>
    </ClInclude>
    <ClInclude Include="KISA_SHA256.h">
      <Filter>헤더 파일</Filter>
    </ClInclude>
    <ClInclude Include="util.h">
      <Filter>헤더 파일</Filter>
    </ClInclude>
    <ClInclude Include="HTS_HMAC_Bridge.hpp">
      <Filter>헤더 파일</Filter>
    </ClInclude>
    <ClInclude Include="HTS_Security_Session.h">
      <Filter>헤더 파일</Filter>
    </ClInclude>
    <ClInclude Include="HTS_3D_Tensor_FEC.h">
      <Filter>헤더 파일</Filter>
    </ClInclude>
    <ClInclude Include="HTS_FEC_HARQ.hpp">
      <Filter>헤더 파일</Filter>
    </ClInclude>
    <ClInclude Include="HTS_V400_Dispatcher.hpp">
      <Filter>헤더 파일</Filter>
    </ClInclude>
    <ClInclude Include="HTS_AntiJam_Engine.h">
      <Filter>헤더 파일</Filter>
    </ClInclude>
    <ClInclude Include="HTS_Holo_Tensor_Engine.h">
      <Filter>헤더 파일</Filter>
    </ClInclude>
    <ClInclude Include="HTS64_Native_ECCM_Core.hpp">
      <Filter>헤더 파일</Filter>
    </ClInclude>
    <ClInclude Include="HTS_Secure_Memory.h">
      <Filter>헤더 파일</Filter>
    </ClInclude>
    <ClInclude Include="HTS_RF_Metrics.h">
      <Filter>헤더 파일</Filter>
    </ClInclude>
    <ClInclude Include="HTS_Adaptive_BPS_Controller.h">
      <Filter>헤더 파일</Filter>
    </ClInclude>
    <ClInclude Include="lsh512.h">
      <Filter>헤더 파일</Filter>
    </ClInclude>
    <ClInclude Include="HTS_IPC_Protocol_A55.h">
      <Filter>헤더 파일</Filter>
    </ClInclude>
    <ClInclude Include="HTS_IPC_Protocol.h">
      <Filter>헤더 파일</Filter>
    </ClInclude>
    <ClInclude Include="HTS_IPC_Protocol_Defs.h">
      <Filter>헤더 파일</Filter>
    </ClInclude>
    <ClInclude Include="HTS_Console_Manager.h">
      <Filter>헤더 파일</Filter>
    </ClInclude>
    <ClInclude Include="HTS_Console_Manager_Defs.h">
      <Filter>헤더 파일</Filter>
    </ClInclude>
    <ClInclude Include="HTS_Device_Profile.h">
      <Filter>헤더 파일</Filter>
    </ClInclude>
    <ClInclude Include="HTS_Device_Profile_Defs.h">
      <Filter>헤더 파일</Filter>
    </ClInclude>
    <ClInclude Include="HTS_IoT_Codec.h">
      <Filter>헤더 파일</Filter>
    </ClInclude>
    <ClInclude Include="HTS_IoT_Codec_Defs.h">
      <Filter>헤더 파일</Filter>
    </ClInclude>
    <ClInclude Include="HTS_Network_Bridge.h">
      <Filter>헤더 파일</Filter>
    </ClInclude>
    <ClInclude Include="HTS_Network_Bridge_Defs.h">
      <Filter>헤더 파일</Filter>
    </ClInclude>
    <ClInclude Include="HTS_AMI_Protocol.h">
      <Filter>헤더 파일</Filter>
    </ClInclude>
    <ClInclude Include="HTS_AMI_Protocol_Defs.h">
      <Filter>헤더 파일</Filter>
    </ClInclude>
    <ClInclude Include="HTS_BLE_NFC_Gateway.h">
      <Filter>헤더 파일</Filter>
    </ClInclude>
    <ClInclude Include="HTS_BLE_NFC_Gateway_Defs.h">
      <Filter>헤더 파일</Filter>
    </ClInclude>
    <ClInclude Include="HTS_Voice_Codec_Bridge.h">
      <Filter>헤더 파일</Filter>
    </ClInclude>
    <ClInclude Include="HTS_Voice_Codec_Bridge_Defs.h">
      <Filter>헤더 파일</Filter>
    </ClInclude>
    <ClInclude Include="HTS_CCTV_Security.h">
      <Filter>헤더 파일</Filter>
    </ClInclude>
    <ClInclude Include="HTS_CCTV_Security_Defs.h">
      <Filter>헤더 파일</Filter>
    </ClInclude>
    <ClInclude Include="HTS_OTA_Manager.h">
      <Filter>헤더 파일</Filter>
    </ClInclude>
    <ClInclude Include="HTS_OTA_Manager_Defs.h">
      <Filter>헤더 파일</Filter>
    </ClInclude>
    <ClInclude Include="HTS_Power_Manager.h">
      <Filter>헤더 파일</Filter>
    </ClInclude>
    <ClInclude Include="HTS_Power_Manager_Defs.h">
      <Filter>헤더 파일</Filter>
    </ClInclude>
    <ClInclude Include="HTS_KT_DSN_Adapter.h">
      <Filter>헤더 파일</Filter>
    </ClInclude>
    <ClInclude Include="HTS_KT_DSN_Adapter_Defs.h">
      <Filter>헤더 파일</Filter>
    </ClInclude>
    <ClInclude Include="HTS_Modbus_Gateway.h">
      <Filter>헤더 파일</Filter>
    </ClInclude>
    <ClInclude Include="HTS_Modbus_Gateway_Defs.h">
      <Filter>헤더 파일</Filter>
    </ClInclude>
    <ClInclude Include="HTS_Holo_Tensor_4D.h">
      <Filter>헤더 파일</Filter>
    </ClInclude>
    <ClInclude Include="HTS_Holo_Tensor_4D_Defs.h">
      <Filter>헤더 파일</Filter>
    </ClInclude>
    <ClInclude Include="HTS_Holo_Dispatcher.h">
      <Filter>헤더 파일</Filter>
    </ClInclude>
    <ClInclude Include="HTS_Holo_Dispatcher_Defs.h">
      <Filter>헤더 파일</Filter>
    </ClInclude>
    <ClInclude Include="HTS_AES_Bridge.h">
      <Filter>헤더 파일</Filter>
    </ClInclude>
    <ClInclude Include="HTS_Crypto_KAT.h">
      <Filter>헤더 파일</Filter>
    </ClInclude>
    <ClInclude Include="HTS_CTR_DRBG.h">
      <Filter>헤더 파일</Filter>
    </ClInclude>
    <ClInclude Include="HTS_Conditional_SelfTest.h">
      <Filter>헤더 파일</Filter>
    </ClInclude>
    <ClInclude Include="HTS_SHA256_Bridge.h">
      <Filter>헤더 파일</Filter>
    </ClInclude>
    <ClInclude Include="HTS_Role_Auth.h">
      <Filter>헤더 파일</Filter>
    </ClInclude>
    <ClInclude Include="HTS_TRNG_Collector.h">
      <Filter>헤더 파일</Filter>
    </ClInclude>
    <ClInclude Include="HTS_Tamper_HAL.h">
      <Filter>헤더 파일</Filter>
    </ClInclude>
    <ClInclude Include="HTS_Key_Provisioning.h">
      <Filter>헤더 파일</Filter>
    </ClInclude>
    <ClInclude Include="HTS_Secure_Boot_Verify.h">
      <Filter>헤더 파일</Filter>
    </ClInclude>
    <ClInclude Include="HTS_Priority_Scheduler.h">
      <Filter>헤더 파일</Filter>
    </ClInclude>
    <ClInclude Include="HTS_Emergency_Beacon.h">
      <Filter>헤더 파일</Filter>
    </ClInclude>
    <ClInclude Include="HTS_Neighbor_Discovery.h">
      <Filter>헤더 파일</Filter>
    </ClInclude>
    <ClInclude Include="HTS_Mesh_Sync.h">
      <Filter>헤더 파일</Filter>
    </ClInclude>
    <ClInclude Include="HTS_Location_Engine.h">
      <Filter>헤더 파일</Filter>
    </ClInclude>
    <ClInclude Include="HTS_Device_Status_Reporter.h">
      <Filter>헤더 파일</Filter>
    </ClInclude>
    <ClInclude Include="HTS_Mesh_Router.h">
      <Filter>헤더 파일</Filter>
    </ClInclude>
    <ClInclude Include="HTS_Sensor_Fusion.h">
      <Filter>헤더 파일</Filter>
    </ClInclude>
    <ClInclude Include="HTS_Sensor_Aggregator.h">
      <Filter>헤더 파일</Filter>
    </ClInclude>
    <ClInclude Include="HTS_CoAP_Engine.h">
      <Filter>헤더 파일</Filter>
    </ClInclude>
    <ClInclude Include="HTS_Meter_Data_Manager.h">
      <Filter>헤더 파일</Filter>
    </ClInclude>
    <ClInclude Include="HTS_OTA_AMI_Manager.h">
      <Filter>헤더 파일</Filter>
    </ClInclude>
    <ClInclude Include="cpu_info.h">
      <Filter>헤더 파일</Filter>
    </ClInclude>
    <ClInclude Include="arm_arch.h">
      <Filter>헤더 파일</Filter>
    </ClInclude>
  </ItemGroup>
  <ItemGroup>
    <Text Include="Hts session15 handoff · MD" />
    <Text Include="Hts crypto module spec · MD" />
    <Text Include="Hts additional modules design,MD" />
  </ItemGroup>
  <ItemGroup>
    <None Include="# HTS B-CDMA 전수검사 통합 기준서.md" />
  </ItemGroup>
</Project>